
Microsoft Visual Studio Solution File, Format Version 12.00
# Visual Studio Version 17
VisualStudioVersion = 17.2.32526.322
MinimumVisualStudioVersion = 10.0.40219.1
Project("{8BC9CEB8-8B4A-11D0-8D11-00A0C91BC942}") = "cpputils_web", "cpputils_web\cpputils_web.vcxproj", "{054BD5C0-C041-4C37-86BD-B5844DE39322}"
EndProject
Project("{8BC9CEB8-8B4A-11D0-8D11-00A0C91BC942}") = "cpputils", "cpputils\cpputils.vcxitems", "{F22D2890-D1B9-4E87-9903-44945D195DFD}"
EndProject
Project("{8BC9CEB8-8B4A-11D0-8D11-00A0C91BC942}") = "cpputils_web_sh", "cpputils_web_sh\cpputils_web_sh.vcxitems", "{F3A7F892-7525-412A-92AD-5E9DD92015AC}"
EndProject
Global
	GlobalSection(SolutionConfigurationPlatforms) = preSolution
		Debug|x64 = Debug|x64
		Debug|x86 = Debug|x86
		Release|x64 = Release|x64
		Release|x86 = Release|x86
	EndGlobalSection
	GlobalSection(ProjectConfigurationPlatforms) = postSolution
		{054BD5C0-C041-4C37-86BD-B5844DE39322}.Debug|x64.ActiveCfg = Debug|x64
		{054BD5C0-C041-4C37-86BD-B5844DE39322}.Debug|x64.Build.0 = Debug|x64
		{054BD5C0-C041-4C37-86BD-B5844DE39322}.Debug|x86.ActiveCfg = Debug|Win32
		{054BD5C0-C041-4C37-86BD-B5844DE39322}.Debug|x86.Build.0 = Debug|Win32
		{054BD5C0-C041-4C37-86BD-B5844DE39322}.Release|x64.ActiveCfg = Release|x64
		{054BD5C0-C041-4C37-86BD-B5844DE39322}.Release|x64.Build.0 = Release|x64
		{054BD5C0-C041-4C37-86BD-B5844DE39322}.Release|x86.ActiveCfg = Release|Win32
		{054BD5C0-C041-4C37-86BD-B5844DE39322}.Release|x86.Build.0 = Release|Win32
	EndGlobalSection
	GlobalSection(SolutionProperties) = preSolution
		HideSolutionNode = FALSE
	EndGlobalSection
	GlobalSection(ExtensibilityGlobals) = postSolution
		SolutionGuid = {69E2B7E2-A326-4704-9BFB-6588AF8EC8AD}
	EndGlobalSection
	GlobalSection(SharedMSBuildProjectFiles) = preSolution
		cpputils\cpputils.vcxitems*{054bd5c0-c041-4c37-86bd-b5844de39322}*SharedItemsImports = 4
		cpputils_web_sh\cpputils_web_sh.vcxitems*{054bd5c0-c041-4c37-86bd-b5844de39322}*SharedItemsImports = 4
		cpputils\cpputils.vcxitems*{f22d2890-d1b9-4e87-9903-44945d195dfd}*SharedItemsImports = 9
		cpputils_web_sh\cpputils_web_sh.vcxitems*{f3a7f892-7525-412a-92ad-5e9dd92015ac}*SharedItemsImports = 9
	EndGlobalSection
EndGlobal
